
Microsoft Visual Studio Solution File, Format Version 12.00
# Visual Studio 15
VisualStudioVersion = 15.0.28307.438
MinimumVisualStudioVersion = 10.0.40219.1
Project("{FAE04EC0-301F-11D3-BF4B-00C04F79EFBC}") = "Payment.Api", "Payment.Api\Payment.Api.csproj", "{0B488B79-E72F-4B02-94F2-68AAED7E4CB9}"
EndProject
Global
	GlobalSection(SolutionConfigurationPlatforms) = preSolution
		Debug|Any CPU = Debug|Any CPU
		Release|Any CPU = Release|Any CPU
	EndGlobalSection
	GlobalSection(ProjectConfigurationPlatforms) = postSolution
		{0B488B79-E72F-4B02-94F2-68AAED7E4CB9}.Debug|Any CPU.ActiveCfg = Debug|Any CPU
		{0B488B79-E72F-4B02-94F2-68AAED7E4CB9}.Debug|Any CPU.Build.0 = Debug|Any CPU
		{0B488B79-E72F-4B02-94F2-68AAED7E4CB9}.Release|Any CPU.ActiveCfg = Release|Any CPU
		{0B488B79-E72F-4B02-94F2-68AAED7E4CB9}.Release|Any CPU.Build.0 = Release|Any CPU
	EndGlobalSection
	GlobalSection(SolutionProperties) = preSolution
		HideSolutionNode = FALSE
	EndGlobalSection
	GlobalSection(ExtensibilityGlobals) = postSolution
		SolutionGuid = {A00BA031-96E1-412F-BABA-57C930EA6DE6}
	EndGlobalSection
EndGlobal
